
Microsoft Visual Studio Solution File, Format Version 12.00
# Visual Studio Version 16
VisualStudioVersion = 16.0.31005.135
MinimumVisualStudioVersion = 10.0.40219.1
Project("{9A19103F-16F7-4668-BE54-9A1E7A4F7556}") = "Lab 2", "Lab 2\Lab 2.csproj", "{35DD557B-905D-4286-9758-55A422B731A1}"
EndProject
Project("{FAE04EC0-301F-11D3-BF4B-00C04F79EFBC}") = "Task 1", "Task 1\Task 1.csproj", "{40E02D0B-44DC-49A8-8FD1-448160F66DF9}"
EndProject
Project("{FAE04EC0-301F-11D3-BF4B-00C04F79EFBC}") = "Task 2", "Task 2\Task 2.csproj", "{8ACAE2AC-8392-4EFA-A196-F1CA7266286F}"
EndProject
Global
	GlobalSection(SolutionConfigurationPlatforms) = preSolution
		Debug|Any CPU = Debug|Any CPU
		Release|Any CPU = Release|Any CPU
	EndGlobalSection
	GlobalSection(ProjectConfigurationPlatforms) = postSolution
		{35DD557B-905D-4286-9758-55A422B731A1}.Debug|Any CPU.ActiveCfg = Debug|Any CPU
		{35DD557B-905D-4286-9758-55A422B731A1}.Debug|Any CPU.Build.0 = Debug|Any CPU
		{35DD557B-905D-4286-9758-55A422B731A1}.Release|Any CPU.ActiveCfg = Release|Any CPU
		{35DD557B-905D-4286-9758-55A422B731A1}.Release|Any CPU.Build.0 = Release|Any CPU
		{40E02D0B-44DC-49A8-8FD1-448160F66DF9}.Debug|Any CPU.ActiveCfg = Debug|Any CPU
		{40E02D0B-44DC-49A8-8FD1-448160F66DF9}.Debug|Any CPU.Build.0 = Debug|Any CPU
		{40E02D0B-44DC-49A8-8FD1-448160F66DF9}.Release|Any CPU.ActiveCfg = Release|Any CPU
		{40E02D0B-44DC-49A8-8FD1-448160F66DF9}.Release|Any CPU.Build.0 = Release|Any CPU
		{8ACAE2AC-8392-4EFA-A196-F1CA7266286F}.Debug|Any CPU.ActiveCfg = Debug|Any CPU
		{8ACAE2AC-8392-4EFA-A196-F1CA7266286F}.Debug|Any CPU.Build.0 = Debug|Any CPU
		{8ACAE2AC-8392-4EFA-A196-F1CA7266286F}.Release|Any CPU.ActiveCfg = Release|Any CPU
		{8ACAE2AC-8392-4EFA-A196-F1CA7266286F}.Release|Any CPU.Build.0 = Release|Any CPU
	EndGlobalSection
	GlobalSection(SolutionProperties) = preSolution
		HideSolutionNode = FALSE
	EndGlobalSection
	GlobalSection(ExtensibilityGlobals) = postSolution
		SolutionGuid = {CB35476A-7C8E-4FC6-9190-AF4049D87D98}
	EndGlobalSection
EndGlobal
